
Microsoft Visual Studio Solution File, Format Version 12.00
# Visual Studio Version 16
VisualStudioVersion = 16.0.31402.337
MinimumVisualStudioVersion = 10.0.40219.1
Project("{FAE04EC0-301F-11D3-BF4B-00C04F79EFBC}") = "Exercise1", "Exercise1\Exercise1.csproj", "{8452259F-20AE-435E-9F9A-1E72FBDFB63E}"
EndProject
Project("{FAE04EC0-301F-11D3-BF4B-00C04F79EFBC}") = "Exercise2", "Exercise2\Exercise2.csproj", "{87063835-6C0B-4491-A2D5-CBBC0B9E0CFF}"
EndProject
Project("{FAE04EC0-301F-11D3-BF4B-00C04F79EFBC}") = "Exercise3", "Exercise3\Exercise3.csproj", "{B020072C-FC96-4BE1-82FE-BC196CB51B7A}"
EndProject
Project("{FAE04EC0-301F-11D3-BF4B-00C04F79EFBC}") = "Exercise4", "Exercise4\Exercise4.csproj", "{363D2545-7B30-4C6B-A5D1-DDD5785ACAFF}"
EndProject
Project("{FAE04EC0-301F-11D3-BF4B-00C04F79EFBC}") = "Exercise5", "Exercise5\Exercise5.csproj", "{CD6C2A32-828E-467F-AA9F-EDAFCA7A70D3}"
EndProject
Global
	GlobalSection(SolutionConfigurationPlatforms) = preSolution
		Debug|Any CPU = Debug|Any CPU
		Release|Any CPU = Release|Any CPU
	EndGlobalSection
	GlobalSection(ProjectConfigurationPlatforms) = postSolution
		{8452259F-20AE-435E-9F9A-1E72FBDFB63E}.Debug|Any CPU.ActiveCfg = Debug|Any CPU
		{8452259F-20AE-435E-9F9A-1E72FBDFB63E}.Debug|Any CPU.Build.0 = Debug|Any CPU
		{8452259F-20AE-435E-9F9A-1E72FBDFB63E}.Release|Any CPU.ActiveCfg = Release|Any CPU
		{8452259F-20AE-435E-9F9A-1E72FBDFB63E}.Release|Any CPU.Build.0 = Release|Any CPU
		{87063835-6C0B-4491-A2D5-CBBC0B9E0CFF}.Debug|Any CPU.ActiveCfg = Debug|Any CPU
		{87063835-6C0B-4491-A2D5-CBBC0B9E0CFF}.Debug|Any CPU.Build.0 = Debug|Any CPU
		{87063835-6C0B-4491-A2D5-CBBC0B9E0CFF}.Release|Any CPU.ActiveCfg = Release|Any CPU
		{87063835-6C0B-4491-A2D5-CBBC0B9E0CFF}.Release|Any CPU.Build.0 = Release|Any CPU
		{B020072C-FC96-4BE1-82FE-BC196CB51B7A}.Debug|Any CPU.ActiveCfg = Debug|Any CPU
		{B020072C-FC96-4BE1-82FE-BC196CB51B7A}.Debug|Any CPU.Build.0 = Debug|Any CPU
		{B020072C-FC96-4BE1-82FE-BC196CB51B7A}.Release|Any CPU.ActiveCfg = Release|Any CPU
		{B020072C-FC96-4BE1-82FE-BC196CB51B7A}.Release|Any CPU.Build.0 = Release|Any CPU
		{363D2545-7B30-4C6B-A5D1-DDD5785ACAFF}.Debug|Any CPU.ActiveCfg = Debug|Any CPU
		{363D2545-7B30-4C6B-A5D1-DDD5785ACAFF}.Debug|Any CPU.Build.0 = Debug|Any CPU
		{363D2545-7B30-4C6B-A5D1-DDD5785ACAFF}.Release|Any CPU.ActiveCfg = Release|Any CPU
		{363D2545-7B30-4C6B-A5D1-DDD5785ACAFF}.Release|Any CPU.Build.0 = Release|Any CPU
		{CD6C2A32-828E-467F-AA9F-EDAFCA7A70D3}.Debug|Any CPU.ActiveCfg = Debug|Any CPU
		{CD6C2A32-828E-467F-AA9F-EDAFCA7A70D3}.Debug|Any CPU.Build.0 = Debug|Any CPU
		{CD6C2A32-828E-467F-AA9F-EDAFCA7A70D3}.Release|Any CPU.ActiveCfg = Release|Any CPU
		{CD6C2A32-828E-467F-AA9F-EDAFCA7A70D3}.Release|Any CPU.Build.0 = Release|Any CPU
	EndGlobalSection
	GlobalSection(SolutionProperties) = preSolution
		HideSolutionNode = FALSE
	EndGlobalSection
	GlobalSection(ExtensibilityGlobals) = postSolution
		SolutionGuid = {DFCB606E-C899-4817-823D-B51EB64FA421}
	EndGlobalSection
EndGlobal
